
Microsoft Visual Studio Solution File, Format Version 12.00
# Visual Studio Version 17
VisualStudioVersion = 17.8.34330.188
MinimumVisualStudioVersion = 10.0.40219.1
Project("{FAE04EC0-301F-11D3-BF4B-00C04F79EFBC}") = "Non_Generic_Collection", "Non_Generic_Collection\Non_Generic_Collection.csproj", "{F096F5CC-E952-4E73-9DDC-D6B699F6D418}"
EndProject
Global
	GlobalSection(SolutionConfigurationPlatforms) = preSolution
		Debug|Any CPU = Debug|Any CPU
		Release|Any CPU = Release|Any CPU
	EndGlobalSection
	GlobalSection(ProjectConfigurationPlatforms) = postSolution
		{F096F5CC-E952-4E73-9DDC-D6B699F6D418}.Debug|Any CPU.ActiveCfg = Debug|Any CPU
		{F096F5CC-E952-4E73-9DDC-D6B699F6D418}.Debug|Any CPU.Build.0 = Debug|Any CPU
		{F096F5CC-E952-4E73-9DDC-D6B699F6D418}.Release|Any CPU.ActiveCfg = Release|Any CPU
		{F096F5CC-E952-4E73-9DDC-D6B699F6D418}.Release|Any CPU.Build.0 = Release|Any CPU
	EndGlobalSection
	GlobalSection(SolutionProperties) = preSolution
		HideSolutionNode = FALSE
	EndGlobalSection
	GlobalSection(ExtensibilityGlobals) = postSolution
		SolutionGuid = {2785A229-75E4-4FAE-8931-48728F73699D}
	EndGlobalSection
EndGlobal
